
Microsoft Visual Studio Solution File, Format Version 12.00
# Visual Studio Version 16
VisualStudioVersion = 16.0.30907.101
MinimumVisualStudioVersion = 10.0.40219.1
Project("{FAE04EC0-301F-11D3-BF4B-00C04F79EFBC}") = "namesViewer", "namesViewer.csproj", "{7D547614-88EF-47C7-B23A-BD3B77040ED9}"
EndProject
Global
	GlobalSection(SolutionConfigurationPlatforms) = preSolution
		Debug|Any CPU = Debug|Any CPU
		Release|Any CPU = Release|Any CPU
	EndGlobalSection
	GlobalSection(ProjectConfigurationPlatforms) = postSolution
		{7D547614-88EF-47C7-B23A-BD3B77040ED9}.Debug|Any CPU.ActiveCfg = Debug|Any CPU
		{7D547614-88EF-47C7-B23A-BD3B77040ED9}.Debug|Any CPU.Build.0 = Debug|Any CPU
		{7D547614-88EF-47C7-B23A-BD3B77040ED9}.Release|Any CPU.ActiveCfg = Release|Any CPU
		{7D547614-88EF-47C7-B23A-BD3B77040ED9}.Release|Any CPU.Build.0 = Release|Any CPU
	EndGlobalSection
	GlobalSection(SolutionProperties) = preSolution
		HideSolutionNode = FALSE
	EndGlobalSection
	GlobalSection(ExtensibilityGlobals) = postSolution
		SolutionGuid = {3588C9F1-248B-420F-B9E3-2C405621C086}
	EndGlobalSection
EndGlobal
